[[package]]
name = "flatbuffers"
version = "2.0"
description = "The FlatBuffers serialization format for Python"
category = "main"
optional = false
python-versions = "*"

[[package]]
name = "numpy"
version = "1.22"
description = "NumPy is the fundamental package for array computing with Python."
category = "main"
optional = false
python-versions = ">=3.7,<3.11"

[[package]]
name = "onnxruntime"
version = "1.9.0"
description = "ONNX Runtime is a runtime accelerator for Machine Learning models"
category = "main"
optional = false
python-versions = "*"

[package.dependencies]
flatbuffers = "*"
numpy = ">=1.16.6"
protobuf = "*"

[[package]]
name = "opencv-python"
version = "4.5.4.58"
description = "Wrapper package for OpenCV python bindings."
category = "main"
optional = false
python-versions = ">=3.6"

[package.dependencies]
numpy = ">=1.21.2"

[[package]]
name = "pillow"
version = "9.3.0"
description = "Python Imaging Library (Fork)"
category = "main"
optional = false
python-versions = ">=3.6"

[[package]]
name = "protobuf"
version = "3.19.5"
description = "Protocol Buffers"
category = "main"
optional = false
python-versions = ">=3.5"

[metadata]
lock-version = "1.1"
python-versions = ">=3.7,<3.11"
content-hash = "1511681290c580145b1117beffe728052d856eee3ad8419930626c6fc6c9a09d"

[metadata.files]
flatbuffers = [
    {file = "flatbuffers-2.0-py2.py3-none-any.whl", hash = "sha256:3751954f0604580d3219ae49a85fafec9d85eec599c0b96226e1bc0b48e57474"},
    {file = "flatbuffers-2.0.tar.gz", hash = "sha256:12158ab0272375eab8db2d663ae97370c33f152b27801fa6024e1d6105fd4dd2"},
]
numpy = [
    {file = "numpy-1.21.3-cp310-cp310-macosx_10_9_universal2.whl", hash = "sha256:508b0b513fa1266875524ba8a9ecc27b02ad771fe1704a16314dc1a816a68737"},
    {file = "numpy-1.21.3-cp310-cp310-macosx_11_0_arm64.whl", hash = "sha256:5dfe9d6a4c39b8b6edd7990091fea4f852888e41919d0e6722fe78dd421db0eb"},
    {file = "numpy-1.21.3-cp310-cp310-manylinux_2_17_aarch64.manylinux2014_aarch64.whl", hash = "sha256:8a10968963640e75cc0193e1847616ab4c718e83b6938ae74dea44953950f6b7"},
    {file = "numpy-1.21.3-cp310-cp310-manylinux_2_17_x86_64.manylinux2014_x86_64.whl", hash = "sha256:49c6249260890e05b8111ebfc391ed58b3cb4b33e63197b2ec7f776e45330721"},
    {file = "numpy-1.21.3-cp310-cp310-win_amd64.whl", hash = "sha256:f8f4625536926a155b80ad2bbff44f8cc59e9f2ad14cdda7acf4c135b4dc8ff2"},
    {file = "numpy-1.21.3-cp37-cp37m-macosx_10_9_x86_64.whl", hash = "sha256:e54af82d68ef8255535a6cdb353f55d6b8cf418a83e2be3569243787a4f4866f"},
    {file = "numpy-1.21.3-cp37-cp37m-manylinux_2_12_i686.manylinux2010_i686.whl", hash = "sha256:f41b018f126aac18583956c54544db437f25c7ee4794bcb23eb38bef8e5e192a"},
    {file = "numpy-1.21.3-cp37-cp37m-manylinux_2_12_x86_64.manylinux2010_x86_64.whl", hash = "sha256:50cd26b0cf6664cb3b3dd161ba0a09c9c1343db064e7c69f9f8b551f5104d654"},
    {file = "numpy-1.21.3-cp37-cp37m-manylinux_2_17_aarch64.manylinux2014_aarch64.whl", hash = "sha256:4cc9b512e9fb590797474f58b7f6d1f1b654b3a94f4fa8558b48ca8b3cfc97cf"},
    {file = "numpy-1.21.3-cp37-cp37m-manylinux_2_5_i686.manylinux1_i686.whl", hash = "sha256:88a5d6b268e9ad18f3533e184744acdaa2e913b13148160b1152300c949bbb5f"},
    {file = "numpy-1.21.3-cp37-cp37m-manylinux_2_5_x86_64.manylinux1_x86_64.whl", hash = "sha256:3c09418a14471c7ae69ba682e2428cae5b4420a766659605566c0fa6987f6b7e"},
    {file = "numpy-1.21.3-cp37-cp37m-win32.whl", hash = "sha256:90bec6a86b348b4559b6482e2b684db4a9a7eed1fa054b86115a48d58fbbf62a"},
    {file = "numpy-1.21.3-cp37-cp37m-win_amd64.whl", hash = "sha256:043e83bfc274649c82a6f09836943e4a4aebe5e33656271c7dbf9621dd58b8ec"},
    {file = "numpy-1.21.3-cp38-cp38-macosx_10_9_universal2.whl", hash = "sha256:75621882d2230ab77fb6a03d4cbccd2038511491076e7964ef87306623aa5272"},
    {file = "numpy-1.21.3-cp38-cp38-macosx_10_9_x86_64.whl", hash = "sha256:188031f833bbb623637e66006cf75e933e00e7231f67e2b45cf8189612bb5dc3"},
    {file = "numpy-1.21.3-cp38-cp38-macosx_11_0_arm64.whl", hash = "sha256:160ccc1bed3a8371bf0d760971f09bfe80a3e18646620e9ded0ad159d9749baa"},
    {file = "numpy-1.21.3-cp38-cp38-manylinux_2_12_i686.manylinux2010_i686.whl", hash = "sha256:29fb3dcd0468b7715f8ce2c0c2d9bbbaf5ae686334951343a41bd8d155c6ea27"},
    {file = "numpy-1.21.3-cp38-cp38-manylinux_2_12_x86_64.manylinux2010_x86_64.whl", hash = "sha256:32437f0b275c1d09d9c3add782516413e98cd7c09e6baf4715cbce781fc29912"},
    {file = "numpy-1.21.3-cp38-cp38-manylinux_2_17_aarch64.manylinux2014_aarch64.whl", hash = "sha256:e606e6316911471c8d9b4618e082635cfe98876007556e89ce03d52ff5e8fcf0"},
    {file = "numpy-1.21.3-cp38-cp38-manylinux_2_5_i686.manylinux1_i686.whl", hash = "sha256:a99a6b067e5190ac6d12005a4d85aa6227c5606fa93211f86b1dafb16233e57d"},
    {file = "numpy-1.21.3-cp38-cp38-manylinux_2_5_x86_64.manylinux1_x86_64.whl", hash = "sha256:dde972a1e11bb7b702ed0e447953e7617723760f420decb97305e66fb4afc54f"},
    {file = "numpy-1.21.3-cp38-cp38-win32.whl", hash = "sha256:fe52dbe47d9deb69b05084abd4b0df7abb39a3c51957c09f635520abd49b29dd"},
    {file = "numpy-1.21.3-cp38-cp38-win_amd64.whl", hash = "sha256:75eb7cadc8da49302f5b659d40ba4f6d94d5045fbd9569c9d058e77b0514c9e4"},
    {file = "numpy-1.21.3-cp39-cp39-macosx_10_9_universal2.whl", hash = "sha256:2a6ee9620061b2a722749b391c0d80a0e2ae97290f1b32e28d5a362e21941ee4"},
    {file = "numpy-1.21.3-cp39-cp39-macosx_10_9_x86_64.whl", hash = "sha256:5c4193f70f8069550a1788bd0cd3268ab7d3a2b70583dfe3b2e7f421e9aace06"},
    {file = "numpy-1.21.3-cp39-cp39-macosx_11_0_arm64.whl", hash = "sha256:28f15209fb535dd4c504a7762d3bc440779b0e37d50ed810ced209e5cea60d96"},
    {file = "numpy-1.21.3-cp39-cp39-manylinux_2_12_i686.manylinux2010_i686.whl", hash = "sha256:c6c2d535a7beb1f8790aaa98fd089ceab2e3dd7ca48aca0af7dc60e6ef93ffe1"},
    {file = "numpy-1.21.3-cp39-cp39-manylinux_2_12_x86_64.manylinux2010_x86_64.whl", hash = "sha256:bffa2eee3b87376cc6b31eee36d05349571c236d1de1175b804b348dc0941e3f"},
    {file = "numpy-1.21.3-cp39-cp39-manylinux_2_17_aarch64.manylinux2014_aarch64.whl", hash = "sha256:cc14e7519fab2a4ed87d31f99c31a3796e4e1fe63a86ebdd1c5a1ea78ebd5896"},
    {file = "numpy-1.21.3-cp39-cp39-win32.whl", hash = "sha256:dd0482f3fc547f1b1b5d6a8b8e08f63fdc250c58ce688dedd8851e6e26cff0f3"},
    {file = "numpy-1.21.3-cp39-cp39-win_amd64.whl", hash = "sha256:300321e3985c968e3ae7fbda187237b225f3ffe6528395a5b7a5407f73cf093e"},
    {file = "numpy-1.21.3-pp37-pypy37_pp73-manylinux_2_12_x86_64.manylinux2010_x86_64.whl", hash = "sha256:98339aa9911853f131de11010f6dd94c8cec254d3d1f7261528c3b3e3219f139"},
    {file = "numpy-1.21.3.zip", hash = "sha256:63571bb7897a584ca3249c86dd01c10bcb5fe4296e3568b2e9c1a55356b6410e"},
]
onnxruntime = [
    {file = "onnxruntime-1.9.0-cp36-cp36m-macosx_10_14_x86_64.whl", hash = "sha256:48f0fcf3c9aa6836584e64abe63fa7395c02066d3259bbdeb489b4d172e0127a"},
    {file = "onnxruntime-1.9.0-cp36-cp36m-manylinux_2_17_aarch64.manylinux2014_aarch64.whl", hash = "sha256:7f9d772a6330cb85e7723f84e357320a1603e3824a92aab4ef36fc3a41e64f16"},
    {file = "onnxruntime-1.9.0-cp36-cp36m-manylinux_2_17_x86_64.manylinux2014_x86_64.whl", hash = "sha256:3bdb861822a63404cca7b46dce86d48bbc21c906a4b4ed13969bc89763ac7f96"},
    {file = "onnxruntime-1.9.0-cp36-cp36m-win32.whl", hash = "sha256:e3f8f7d5d4d66e3a4a2b731a000d3142a53a5403e8814e68bbd659514e815899"},
    {file = "onnxruntime-1.9.0-cp36-cp36m-win_amd64.whl", hash = "sha256:cf3edbc54bfe99a119d73cd65398a2ec68ae3af2557ab7e645976314a8d11aa1"},
    {file = "onnxruntime-1.9.0-cp37-cp37m-macosx_10_14_x86_64.whl", hash = "sha256:c8ff9c914b2b1c3b022dedc199e3f971e340d8923a1ef42d66530508fa367bf6"},
    {file = "onnxruntime-1.9.0-cp37-cp37m-manylinux_2_17_aarch64.manylinux2014_aarch64.whl", hash = "sha256:9d03ff4a2717c4149acc7c649fd66a67e81ec44c9e6e2a00df1d6e9ca843f1b7"},
    {file = "onnxruntime-1.9.0-cp37-cp37m-manylinux_2_17_x86_64.manylinux2014_x86_64.whl", hash = "sha256:a8a2315e2244ac371742f6e30da5367c680c3e84c31e291a35f8ddfab09c3c82"},
    {file = "onnxruntime-1.9.0-cp37-cp37m-win32.whl", hash = "sha256:fa927b1825f2851c0c8f3948515a56d76cb0686da9acd1d6f8fafe552c8d8fec"},
    {file = "onnxruntime-1.9.0-cp37-cp37m-win_amd64.whl", hash = "sha256:9ccaf6a0365f2b86efe21681416b8cfe97f084a7d53bd1cf2bf889a0aef2b0d3"},
    {file = "onnxruntime-1.9.0-cp38-cp38-macosx_10_14_x86_64.whl", hash = "sha256:d20ce3448babe89a77cc9d357730767deb3617e36439bddcd006f28abc72b416"},
    {file = "onnxruntime-1.9.0-cp38-cp38-manylinux_2_17_aarch64.manylinux2014_aarch64.whl", hash = "sha256:3fd1d6647245aa38e1099cfd355d84e807de5350d5216e84ceefd91c64ce243d"},
    {file = "onnxruntime-1.9.0-cp38-cp38-manylinux_2_17_x86_64.manylinux2014_x86_64.whl", hash = "sha256:5f00620fc0f51bc4d90ae6d96ceb4b6538e3bd1e328178104118ac672f37c40d"},
    {file = "onnxruntime-1.9.0-cp38-cp38-win32.whl", hash = "sha256:e1c1fe3f7d960eeffc02a5f196d85529254eefd59cbeecd8abee0a9467b5c2d8"},
    {file = "onnxruntime-1.9.0-cp38-cp38-win_amd64.whl", hash = "sha256:9002214af1b2317ab3a63a2f045f7d1363c207e661d475a877aa6499ca09d606"},
    {file = "onnxruntime-1.9.0-cp39-cp39-macosx_10_14_x86_64.whl", hash = "sha256:7339cef9b918b88f1fec8109cfa0a8416f119c5968d00300a9186847d86e35de"},
    {file = "onnxruntime-1.9.0-cp39-cp39-manylinux_2_17_aarch64.manylinux2014_aarch64.whl", hash = "sha256:cdec8538eb59e63a376d0677f7ec043ceb597d52ee88f1f7e250928893a0de7f"},
    {file = "onnxruntime-1.9.0-cp39-cp39-manylinux_2_17_x86_64.manylinux2014_x86_64.whl", hash = "sha256:ab62b29429e0e62c11478b2a8a3af2646531fba7800736e8b201d8baa50b43a8"},
    {file = "onnxruntime-1.9.0-cp39-cp39-win32.whl", hash = "sha256:4aee9a893f93637341fd0e6b56fa3ab1c430d718d08d79a358603297a1575ad9"},
    {file = "onnxruntime-1.9.0-cp39-cp39-win_amd64.whl", hash = "sha256:bdf1327932227383b04093a51266474b2703b3fcf9c0f6f11c652d9652b76a5c"},
]
opencv-python = [
    {file = "opencv-python-4.5.4.58.tar.gz", hash = "sha256:48288428f407bacba5f73d460feb4a1ecafe87db3d7cfc0730a49fb32f589bbf"},
    {file = "opencv_python-4.5.4.58-cp310-cp310-macosx_11_0_arm64.whl", hash = "sha256:0eba0bfe62c48a02a5af3a0944e872c99f57f98653bed14d51c6991a58f9e1d1"},
    {file = "opencv_python-4.5.4.58-cp310-cp310-macosx_11_0_x86_64.whl", hash = "sha256:9bcca50c5444b5cfb01624666b69f91ba8f2d2bf4ef37b111697aafdeb81c99f"},
    {file = "opencv_python-4.5.4.58-cp310-cp310-manylinux2014_aarch64.whl", hash = "sha256:8f7886acabaebf0361bd3dbccaa0d08e3f65ab13b7c739eb11e028f01ad13582"},
    {file = "opencv_python-4.5.4.58-cp310-cp310-manylinux2014_x86_64.whl", hash = "sha256:d4b1d0b98ee72ba5dd720166790fc93ce459281e138ee79b0d41420b3da52b2e"},
    {file = "opencv_python-4.5.4.58-cp310-cp310-win32.whl", hash = "sha256:69a78e40a374ac14e4bf15a13dbb6c30fd2fbd5fcd3674d020a31b88861d5aaf"},
    {file = "opencv_python-4.5.4.58-cp310-cp310-win_amd64.whl", hash = "sha256:315c357522b6310ef7a0718d9f0c5d3110e59c19140705499a3c29bdd8c0124f"},
    {file = "opencv_python-4.5.4.58-cp36-cp36m-macosx_10_15_x86_64.whl", hash = "sha256:887a61097092dc0bf23fa24646dbc8cfeeb753649cb28a3782a93a6879e3b7d2"},
    {file = "opencv_python-4.5.4.58-cp36-cp36m-manylinux2014_aarch64.whl", hash = "sha256:22bcc3153a7d4f95aff79457eef81ef5e40ab1851b189e014412b5e9fbee2573"},
    {file = "opencv_python-4.5.4.58-cp36-cp36m-manylinux2014_x86_64.whl", hash = "sha256:92e9b2261ec764229c948d77fe0d922ee033348ca6519939b87861016c1614b3"},
    {file = "opencv_python-4.5.4.58-cp36-cp36m-win32.whl", hash = "sha256:0d6249a49122a78afc6685ddb1377a87e46414ae61c84535c4c6024397f1f3e8"},
    {file = "opencv_python-4.5.4.58-cp36-cp36m-win_amd64.whl", hash = "sha256:eaa144013b597e4dcabc8d8230edfe810319de01b5609556d415a20e2b707547"},
    {file = "opencv_python-4.5.4.58-cp37-cp37m-macosx_10_15_x86_64.whl", hash = "sha256:26feeeb280de179f5dbb8976ebf7ceb836bd263973cb5daec8ca36e8ef7b5773"},
    {file = "opencv_python-4.5.4.58-cp37-cp37m-macosx_11_0_arm64.whl", hash = "sha256:4a13381bdfc0fb4b080efcc27c46561d0bd752f126226e9f19aa9cbcf6677f40"},
    {file = "opencv_python-4.5.4.58-cp37-cp37m-manylinux2014_aarch64.whl", hash = "sha256:ac852fcaac93439f2f7116ddffdc23fd366c872200ade2272446f9898180cecb"},
    {file = "opencv_python-4.5.4.58-cp37-cp37m-manylinux2014_x86_64.whl", hash = "sha256:02872e0a9358526646d691f390143e9c21109c210095314abaa0641211cda077"},
    {file = "opencv_python-4.5.4.58-cp37-cp37m-win32.whl", hash = "sha256:6b87bab220d17e03eeedbcc6652d9d7e7bb09886dbd0f810310697a948b4c6fd"},
    {file = "opencv_python-4.5.4.58-cp37-cp37m-win_amd64.whl", hash = "sha256:a2a7f09b8843b85f3e1b02c5ea3ddc0cb9f5ad9698380109b37069ee8db7746d"},
    {file = "opencv_python-4.5.4.58-cp38-cp38-macosx_10_15_x86_64.whl", hash = "sha256:c44f5c51e92322ed832607204249c190764dec6cf29e8ba6d679b10326be1c1b"},
    {file = "opencv_python-4.5.4.58-cp38-cp38-macosx_11_0_arm64.whl", hash = "sha256:9b2c198af083a693d42a82bddc4d1f7e6bb02c64192ff7fac1fd1d43a8cf1be6"},
    {file = "opencv_python-4.5.4.58-cp38-cp38-manylinux2014_aarch64.whl", hash = "sha256:637f4d3ad81bd27f273ede4c5fa6c26afb85c097c9715baf107cc270e37f5fea"},
    {file = "opencv_python-4.5.4.58-cp38-cp38-manylinux2014_x86_64.whl", hash = "sha256:2fff48a641a74d1def31c1e88f9e5ce50ba4d0f87d085dfbf8bc844e12f6cd54"},
    {file = "opencv_python-4.5.4.58-cp38-cp38-win32.whl", hash = "sha256:8ddf4dcd8199209e33f21deb0c6d8ab62b21802816bba895fefc346b6d2e522d"},
    {file = "opencv_python-4.5.4.58-cp38-cp38-win_amd64.whl", hash = "sha256:085c5fcf5a6479c34aca3fd0f59055e704083d6a44009d6583c675ff1a5a0625"},
    {file = "opencv_python-4.5.4.58-cp39-cp39-macosx_10_15_x86_64.whl", hash = "sha256:4abe9c4fb6fe16daa9fcdd68b5357d3530431341aa655203f8e84f394e1fe6d4"},
    {file = "opencv_python-4.5.4.58-cp39-cp39-macosx_11_0_arm64.whl", hash = "sha256:4b614fbd81aeda53ce28e645aaee18fda7c7f2a48eb7f1a70a7c6c3427946342"},
    {file = "opencv_python-4.5.4.58-cp39-cp39-manylinux_2_17_aarch64.manylinux2014_aarch64.whl", hash = "sha256:215bdf069847d4e3b0447a34e9eb4046dd4ca523d41fe4381c1c55f6704fd0dc"},
    {file = "opencv_python-4.5.4.58-cp39-cp39-manylinux_2_17_x86_64.manylinux2014_x86_64.whl", hash = "sha256:bc34cdbfbab463750713118c8259a5d364547adab8ed91e94ba888349f33590a"},
    {file = "opencv_python-4.5.4.58-cp39-cp39-win32.whl", hash = "sha256:9998ce60884f3cda074f02b56d2b57ee6bd863e2ddba132da2b0af3b9487d584"},
    {file = "opencv_python-4.5.4.58-cp39-cp39-win_amd64.whl", hash = "sha256:5370a11757fbe94b176771269aff599f4da8676c2a672b13bcbca043f2e3eea8"},
]
pillow = [
    {file = "Pillow-8.4.0-cp310-cp310-macosx_10_10_universal2.whl", hash = "sha256:81f8d5c81e483a9442d72d182e1fb6dcb9723f289a57e8030811bac9ea3fef8d"},
    {file = "Pillow-8.4.0-cp310-cp310-macosx_11_0_arm64.whl", hash = "sha256:3f97cfb1e5a392d75dd8b9fd274d205404729923840ca94ca45a0af57e13dbe6"},
    {file = "Pillow-8.4.0-cp310-cp310-manylinux_2_17_aarch64.manylinux2014_aarch64.whl", hash = "sha256:eb9fc393f3c61f9054e1ed26e6fe912c7321af2f41ff49d3f83d05bacf22cc78"},
    {file = "Pillow-8.4.0-cp310-cp310-manylinux_2_17_i686.manylinux2014_i686.whl", hash = "sha256:d82cdb63100ef5eedb8391732375e6d05993b765f72cb34311fab92103314649"},
    {file = "Pillow-8.4.0-cp310-cp310-manylinux_2_17_x86_64.manylinux2014_x86_64.whl", hash = "sha256:62cc1afda735a8d109007164714e73771b499768b9bb5afcbbee9d0ff374b43f"},
    {file = "Pillow-8.4.0-cp310-cp310-win32.whl", hash = "sha256:e3dacecfbeec9a33e932f00c6cd7996e62f53ad46fbe677577394aaa90ee419a"},
    {file = "Pillow-8.4.0-cp310-cp310-win_amd64.whl", hash = "sha256:620582db2a85b2df5f8a82ddeb52116560d7e5e6b055095f04ad828d1b0baa39"},
    {file = "Pillow-8.4.0-cp36-cp36m-macosx_10_10_x86_64.whl", hash = "sha256:1bc723b434fbc4ab50bb68e11e93ce5fb69866ad621e3c2c9bdb0cd70e345f55"},
    {file = "Pillow-8.4.0-cp36-cp36m-manylinux_2_17_aarch64.manylinux2014_aarch64.whl", hash = "sha256:72cbcfd54df6caf85cc35264c77ede902452d6df41166010262374155947460c"},
    {file = "Pillow-8.4.0-cp36-cp36m-manylinux_2_17_i686.manylinux2014_i686.whl", hash = "sha256:70ad9e5c6cb9b8487280a02c0ad8a51581dcbbe8484ce058477692a27c151c0a"},
    {file = "Pillow-8.4.0-cp36-cp36m-manylinux_2_17_x86_64.manylinux2014_x86_64.whl", hash = "sha256:25a49dc2e2f74e65efaa32b153527fc5ac98508d502fa46e74fa4fd678ed6645"},
    {file = "Pillow-8.4.0-cp36-cp36m-win32.whl", hash = "sha256:93ce9e955cc95959df98505e4608ad98281fff037350d8c2671c9aa86bcf10a9"},
    {file = "Pillow-8.4.0-cp36-cp36m-win_amd64.whl", hash = "sha256:2e4440b8f00f504ee4b53fe30f4e381aae30b0568193be305256b1462216feff"},
    {file = "Pillow-8.4.0-cp37-cp37m-macosx_10_10_x86_64.whl", hash = "sha256:8c803ac3c28bbc53763e6825746f05cc407b20e4a69d0122e526a582e3b5e153"},
    {file = "Pillow-8.4.0-cp37-cp37m-manylinux_2_17_aarch64.manylinux2014_aarch64.whl", hash = "sha256:c8a17b5d948f4ceeceb66384727dde11b240736fddeda54ca740b9b8b1556b29"},
    {file = "Pillow-8.4.0-cp37-cp37m-manylinux_2_17_i686.manylinux2014_i686.whl", hash = "sha256:1394a6ad5abc838c5cd8a92c5a07535648cdf6d09e8e2d6df916dfa9ea86ead8"},
    {file = "Pillow-8.4.0-cp37-cp37m-manylinux_2_17_x86_64.manylinux2014_x86_64.whl", hash = "sha256:792e5c12376594bfcb986ebf3855aa4b7c225754e9a9521298e460e92fb4a488"},
    {file = "Pillow-8.4.0-cp37-cp37m-win32.whl", hash = "sha256:d99ec152570e4196772e7a8e4ba5320d2d27bf22fdf11743dd882936ed64305b"},
    {file = "Pillow-8.4.0-cp37-cp37m-win_amd64.whl", hash = "sha256:7b7017b61bbcdd7f6363aeceb881e23c46583739cb69a3ab39cb384f6ec82e5b"},
    {file = "Pillow-8.4.0-cp38-cp38-macosx_10_10_x86_64.whl", hash = "sha256:d89363f02658e253dbd171f7c3716a5d340a24ee82d38aab9183f7fdf0cdca49"},
    {file = "Pillow-8.4.0-cp38-cp38-macosx_11_0_arm64.whl", hash = "sha256:0a0956fdc5defc34462bb1c765ee88d933239f9a94bc37d132004775241a7585"},
    {file = "Pillow-8.4.0-cp38-cp38-manylinux_2_17_aarch64.manylinux2014_aarch64.whl", hash = "sha256:5b7bb9de00197fb4261825c15551adf7605cf14a80badf1761d61e59da347779"},
    {file = "Pillow-8.4.0-cp38-cp38-manylinux_2_17_i686.manylinux2014_i686.whl", hash = "sha256:72b9e656e340447f827885b8d7a15fc8c4e68d410dc2297ef6787eec0f0ea409"},
    {file = "Pillow-8.4.0-cp38-cp38-manylinux_2_17_x86_64.manylinux2014_x86_64.whl", hash = "sha256:a5a4532a12314149d8b4e4ad8ff09dde7427731fcfa5917ff16d0291f13609df"},
    {file = "Pillow-8.4.0-cp38-cp38-win32.whl", hash = "sha256:82aafa8d5eb68c8463b6e9baeb4f19043bb31fefc03eb7b216b51e6a9981ae09"},
    {file = "Pillow-8.4.0-cp38-cp38-win_amd64.whl", hash = "sha256:066f3999cb3b070a95c3652712cffa1a748cd02d60ad7b4e485c3748a04d9d76"},
    {file = "Pillow-8.4.0-cp39-cp39-macosx_10_10_x86_64.whl", hash = "sha256:5503c86916d27c2e101b7f71c2ae2cddba01a2cf55b8395b0255fd33fa4d1f1a"},
    {file = "Pillow-8.4.0-cp39-cp39-macosx_11_0_arm64.whl", hash = "sha256:4acc0985ddf39d1bc969a9220b51d94ed51695d455c228d8ac29fcdb25810e6e"},
    {file = "Pillow-8.4.0-cp39-cp39-manylinux_2_17_aarch64.manylinux2014_aarch64.whl", hash = "sha256:0b052a619a8bfcf26bd8b3f48f45283f9e977890263e4571f2393ed8898d331b"},
    {file = "Pillow-8.4.0-cp39-cp39-manylinux_2_17_i686.manylinux2014_i686.whl", hash = "sha256:493cb4e415f44cd601fcec11c99836f707bb714ab03f5ed46ac25713baf0ff20"},
    {file = "Pillow-8.4.0-cp39-cp39-manylinux_2_17_x86_64.manylinux2014_x86_64.whl", hash = "sha256:b8831cb7332eda5dc89b21a7bce7ef6ad305548820595033a4b03cf3091235ed"},
    {file = "Pillow-8.4.0-cp39-cp39-win32.whl", hash = "sha256:5e9ac5f66616b87d4da618a20ab0a38324dbe88d8a39b55be8964eb520021e02"},
    {file = "Pillow-8.4.0-cp39-cp39-win_amd64.whl", hash = "sha256:3eb1ce5f65908556c2d8685a8f0a6e989d887ec4057326f6c22b24e8a172c66b"},
    {file = "Pillow-8.4.0-pp36-pypy36_pp73-macosx_10_10_x86_64.whl", hash = "sha256:ddc4d832a0f0b4c52fff973a0d44b6c99839a9d016fe4e6a1cb8f3eea96479c2"},
    {file = "Pillow-8.4.0-pp36-pypy36_pp73-manylinux_2_17_i686.manylinux2014_i686.whl", hash = "sha256:9a3e5ddc44c14042f0844b8cf7d2cd455f6cc80fd7f5eefbe657292cf601d9ad"},
    {file = "Pillow-8.4.0-pp36-pypy36_pp73-manylinux_2_17_x86_64.manylinux2014_x86_64.whl", hash = "sha256:c70e94281588ef053ae8998039610dbd71bc509e4acbc77ab59d7d2937b10698"},
    {file = "Pillow-8.4.0-pp37-pypy37_pp73-macosx_10_10_x86_64.whl", hash = "sha256:3862b7256046fcd950618ed22d1d60b842e3a40a48236a5498746f21189afbbc"},
    {file = "Pillow-8.4.0-pp37-pypy37_pp73-manylinux_2_17_i686.manylinux2014_i686.whl", hash = "sha256:a4901622493f88b1a29bd30ec1a2f683782e57c3c16a2dbc7f2595ba01f639df"},
    {file = "Pillow-8.4.0-pp37-pypy37_pp73-manylinux_2_17_x86_64.manylinux2014_x86_64.whl", hash = "sha256:84c471a734240653a0ec91dec0996696eea227eafe72a33bd06c92697728046b"},
    {file = "Pillow-8.4.0-pp37-pypy37_pp73-win_amd64.whl", hash = "sha256:244cf3b97802c34c41905d22810846802a3329ddcb93ccc432870243211c79fc"},
    {file = "Pillow-8.4.0.tar.gz", hash = "sha256:b8e2f83c56e141920c39464b852de3719dfbfb6e3c99a2d8da0edf4fb33176ed"},
]
protobuf = [
    {file = "protobuf-3.19.1-cp310-cp310-macosx_10_9_universal2.whl", hash = "sha256:d80f80eb175bf5f1169139c2e0c5ada98b1c098e2b3c3736667f28cbbea39fc8"},
    {file = "protobuf-3.19.1-cp310-cp310-manylinux2014_aarch64.whl", hash = "sha256:a529e7df52204565bcd33738a7a5f288f3d2d37d86caa5d78c458fa5fabbd54d"},
    {file = "protobuf-3.19.1-cp310-cp310-manylinux_2_17_x86_64.manylinux2014_x86_64.whl", hash = "sha256:28ccea56d4dc38d35cd70c43c2da2f40ac0be0a355ef882242e8586c6d66666f"},
    {file = "protobuf-3.19.1-cp36-cp36m-macosx_10_9_x86_64.whl", hash = "sha256:8b30a7de128c46b5ecb343917d9fa737612a6e8280f440874e5cc2ba0d79b8f6"},
    {file = "protobuf-3.19.1-cp36-cp36m-manylinux_2_17_x86_64.manylinux2014_x86_64.whl", hash = "sha256:5935c8ce02e3d89c7900140a8a42b35bc037ec07a6aeb61cc108be8d3c9438a6"},
    {file = "protobuf-3.19.1-cp36-cp36m-win32.whl", hash = "sha256:74f33edeb4f3b7ed13d567881da8e5a92a72b36495d57d696c2ea1ae0cfee80c"},
    {file = "protobuf-3.19.1-cp36-cp36m-win_amd64.whl", hash = "sha256:038daf4fa38a7e818dd61f51f22588d61755160a98db087a046f80d66b855942"},
    {file = "protobuf-3.19.1-cp37-cp37m-macosx_10_9_x86_64.whl", hash = "sha256:8e51561d72efd5bd5c91490af1f13e32bcba8dab4643761eb7de3ce18e64a853"},
    {file = "protobuf-3.19.1-cp37-cp37m-manylinux2014_aarch64.whl", hash = "sha256:6e8ea9173403219239cdfd8d946ed101f2ab6ecc025b0fda0c6c713c35c9981d"},
    {file = "protobuf-3.19.1-cp37-cp37m-manylinux_2_17_x86_64.manylinux2014_x86_64.whl", hash = "sha256:db3532d9f7a6ebbe2392041350437953b6d7a792de10e629c1e4f5a6b1fe1ac6"},
    {file = "protobuf-3.19.1-cp37-cp37m-win32.whl", hash = "sha256:615b426a177780ce381ecd212edc1e0f70db8557ed72560b82096bd36b01bc04"},
    {file = "protobuf-3.19.1-cp37-cp37m-win_amd64.whl", hash = "sha256:d8919368410110633717c406ab5c97e8df5ce93020cfcf3012834f28b1fab1ea"},
    {file = "protobuf-3.19.1-cp38-cp38-macosx_10_9_x86_64.whl", hash = "sha256:71b0250b0cfb738442d60cab68abc166de43411f2a4f791d31378590bfb71bd7"},
    {file = "protobuf-3.19.1-cp38-cp38-manylinux2014_aarch64.whl", hash = "sha256:3cd0458870ea7d1c58e948ac8078f6ba8a7ecc44a57e03032ed066c5bb318089"},
    {file = "protobuf-3.19.1-cp38-cp38-manylinux_2_17_x86_64.manylinux2014_x86_64.whl", hash = "sha256:655264ed0d0efe47a523e2255fc1106a22f6faab7cc46cfe99b5bae085c2a13e"},
    {file = "protobuf-3.19.1-cp38-cp38-win32.whl", hash = "sha256:b691d996c6d0984947c4cf8b7ae2fe372d99b32821d0584f0b90277aa36982d3"},
    {file = "protobuf-3.19.1-cp38-cp38-win_amd64.whl", hash = "sha256:e7e8d2c20921f8da0dea277dfefc6abac05903ceac8e72839b2da519db69206b"},
    {file = "protobuf-3.19.1-cp39-cp39-macosx_10_9_x86_64.whl", hash = "sha256:fd390367fc211cc0ffcf3a9e149dfeca78fecc62adb911371db0cec5c8b7472d"},
    {file = "protobuf-3.19.1-cp39-cp39-manylinux2014_aarch64.whl", hash = "sha256:d83e1ef8cb74009bebee3e61cc84b1c9cd04935b72bca0cbc83217d140424995"},
    {file = "protobuf-3.19.1-cp39-cp39-manylinux_2_17_x86_64.manylinux2014_x86_64.whl", hash = "sha256:36d90676d6f426718463fe382ec6274909337ca6319d375eebd2044e6c6ac560"},
    {file = "protobuf-3.19.1-cp39-cp39-win32.whl", hash = "sha256:e7b24c11df36ee8e0c085e5b0dc560289e4b58804746fb487287dda51410f1e2"},
    {file = "protobuf-3.19.1-cp39-cp39-win_amd64.whl", hash = "sha256:77d2fadcf369b3f22859ab25bd12bb8e98fb11e05d9ff9b7cd45b711c719c002"},
    {file = "protobuf-3.19.1-py2.py3-none-any.whl", hash = "sha256:e813b1c9006b6399308e917ac5d298f345d95bb31f46f02b60cd92970a9afa17"},
    {file = "protobuf-3.19.1.tar.gz", hash = "sha256:62a8e4baa9cb9e064eb62d1002eca820857ab2138440cb4b3ea4243830f94ca7"},
]
