version = 1
revision = 3
requires-python = "==3.9.*"
resolution-markers = [
    "platform_machine == 'arm64' and sys_platform == 'darwin'",
    "platform_machine == 'aarch64' and sys_platform == 'linux'",
    "(platform_machine != 'arm64' and sys_platform == 'darwin') or (platform_machine != 'aarch64' and sys_platform == 'linux') or (sys_platform != 'darwin' and sys_platform != 'linux')",
]

[[package]]
name = "flatbuffers"
version = "25.12.19"
source = { registry = "https://pypi.org/simple" }
wheels = [
    { url = "https://files.pythonhosted.org/packages/e8/2d/d2a548598be01649e2d46231d151a6c56d10b964d94043a335ae56ea2d92/flatbuffers-25.12.19-py2.py3-none-any.whl", hash = "sha256:7634f50c427838bb021c2d66a3d1168e9d199b0607e6329399f04846d42e20b4", size = 26661, upload-time = "2025-12-19T23:16:13.622Z" },
]

[[package]]
name = "numpy"
version = "1.21.3"
source = { registry = "https://pypi.org/simple" }
sdist = { url = "https://files.pythonhosted.org/packages/5f/d6/ad58ded26556eaeaa8c971e08b6466f17c4ac4d786cd3d800e26ce59cc01/numpy-1.21.3.zip", hash = "sha256:63571bb7897a584ca3249c86dd01c10bcb5fe4296e3568b2e9c1a55356b6410e", size = 10269351, upload-time = "2021-10-20T20:31:27.566Z" }
wheels = [
    { url = "https://files.pythonhosted.org/packages/f4/44/a5e6f7dce2f8f78b4a92bd3b4f84f24ffa6b1e743ebdd386f855af0860e6/numpy-1.21.3-cp39-cp39-macosx_10_9_universal2.whl", hash = "sha256:2a6ee9620061b2a722749b391c0d80a0e2ae97290f1b32e28d5a362e21941ee4", size = 27203271, upload-time = "2021-10-20T20:27:12.672Z" },
    { url = "https://files.pythonhosted.org/packages/2b/10/77cca478c3286739e5c799a2138ce52d76234be00cd82398f37c8964e2c9/numpy-1.21.3-cp39-cp39-macosx_10_9_x86_64.whl", hash = "sha256:5c4193f70f8069550a1788bd0cd3268ab7d3a2b70583dfe3b2e7f421e9aace06", size = 16963957, upload-time = "2021-10-20T20:27:39.233Z" },
    { url = "https://files.pythonhosted.org/packages/8d/1f/12169f78b32e1d8607f20fe6a01180791575ca1ecde2b5ac659307f5d7f8/numpy-1.21.3-cp39-cp39-macosx_11_0_arm64.whl", hash = "sha256:28f15209fb535dd4c504a7762d3bc440779b0e37d50ed810ced209e5cea60d96", size = 12364800, upload-time = "2021-10-20T20:27:59.072Z" },
    { url = "https://files.pythonhosted.org/packages/37/7a/621c146eede08371614e0aa1323710a18317be4c2905173072281db2228d/numpy-1.21.3-cp39-cp39-manylinux_2_12_i686.manylinux2010_i686.whl", hash = "sha256:c6c2d535a7beb1f8790aaa98fd089ceab2e3dd7ca48aca0af7dc60e6ef93ffe1", size = 13720002, upload-time = "2021-10-20T20:28:20.14Z" },
    { url = "https://files.pythonhosted.org/packages/d3/b3/7f13d41fa5c3ddc393cbc9eeb369960e74a77cfb2bb2297103a4fc60321d/numpy-1.21.3-cp39-cp39-manylinux_2_12_x86_64.manylinux2010_x86_64.whl", hash = "sha256:bffa2eee3b87376cc6b31eee36d05349571c236d1de1175b804b348dc0941e3f", size = 15732521, upload-time = "2021-10-20T20:28:43.793Z" },
    { url = "https://files.pythonhosted.org/packages/94/00/8c85c5b21dad597217ffcfcf35eefa2922f1465dc0b7c6a8fa19bb717edb/numpy-1.21.3-cp39-cp39-manylinux_2_17_aarch64.manylinux2014_aarch64.whl", hash = "sha256:cc14e7519fab2a4ed87d31f99c31a3796e4e1fe63a86ebdd1c5a1ea78ebd5896", size = 13019094, upload-time = "2021-10-20T20:29:04.085Z" },
    { url = "https://files.pythonhosted.org/packages/90/36/9de73ffecd31db66af224d1c89c2083728dfc155a27ea0b6663b119b7a18/numpy-1.21.3-cp39-cp39-win32.whl", hash = "sha256:dd0482f3fc547f1b1b5d6a8b8e08f63fdc250c58ce688dedd8851e6e26cff0f3", size = 11696391, upload-time = "2021-10-20T20:29:22.948Z" },
    { url = "https://files.pythonhosted.org/packages/fb/80/373c1516ab27a87a97dcd5d94b7ac48524d09270799266cdba550798ec1a/numpy-1.21.3-cp39-cp39-win_amd64.whl", hash = "sha256:300321e3985c968e3ae7fbda187237b225f3ffe6528395a5b7a5407f73cf093e", size = 14014134, upload-time = "2021-10-20T20:29:48.796Z" },
]

[[package]]
name = "onnxruntime"
version = "1.9.0"
source = { registry = "https://pypi.org/simple" }
dependencies = [
    { name = "flatbuffers" },
    { name = "numpy" },
    { name = "protobuf" },
]
wheels = [
    { url = "https://files.pythonhosted.org/packages/57/5a/2d3c41c1e6513b2fcb2c9bcf29f21865d611516b111d140bb83173db9c4d/onnxruntime-1.9.0-cp39-cp39-macosx_10_14_x86_64.whl", hash = "sha256:7339cef9b918b88f1fec8109cfa0a8416f119c5968d00300a9186847d86e35de", size = 5293427, upload-time = "2021-09-22T19:25:57.86Z" },
    { url = "https://files.pythonhosted.org/packages/79/e7/383bbb7767ad813260cf215445bfebe15ccee3b0b44a6b5c328c10def1ec/onnxruntime-1.9.0-cp39-cp39-manylinux_2_17_aarch64.manylinux2014_aarch64.whl", hash = "sha256:cdec8538eb59e63a376d0677f7ec043ceb597d52ee88f1f7e250928893a0de7f", size = 5492025, upload-time = "2021-09-22T19:25:34.542Z" },
    { url = "https://files.pythonhosted.org/packages/b5/03/fce31406628d7ff16b865fe14253a3872e32913e264e847c1fa7dfc7e95a/onnxruntime-1.9.0-cp39-cp39-manylinux_2_17_x86_64.manylinux2014_x86_64.whl", hash = "sha256:ab62b29429e0e62c11478b2a8a3af2646531fba7800736e8b201d8baa50b43a8", size = 4809709, upload-time = "2021-09-22T19:25:47.891Z" },
    { url = "https://files.pythonhosted.org/packages/2e/4b/e9f404a361a935df4f04f9005e8490640b26a35864bdb16014ed4dbf556a/onnxruntime-1.9.0-cp39-cp39-win32.whl", hash = "sha256:4aee9a893f93637341fd0e6b56fa3ab1c430d718d08d79a358603297a1575ad9", size = 4412314, upload-time = "2021-09-22T19:25:26.619Z" },
    { url = "https://files.pythonhosted.org/packages/4b/f2/fc1fe9109358a1750996ebd16ac7666244025f1613f4e61a5fd47ca069b5/onnxruntime-1.9.0-cp39-cp39-win_amd64.whl", hash = "sha256:bdf1327932227383b04093a51266474b2703b3fcf9c0f6f11c652d9652b76a5c", size = 5101318, upload-time = "2021-09-22T19:25:32.276Z" },
]

[[package]]
name = "opencv-python"
version = "4.5.5.64"
source = { registry = "https://pypi.org/simple" }
dependencies = [
    { name = "numpy" },
]
sdist = { url = "https://files.pythonhosted.org/packages/3c/61/ee4496192ed27f657532fdf0d814b05b9787e7fc5122ed3ca57282bae69c/opencv-python-4.5.5.64.tar.gz", hash = "sha256:f65de0446a330c3b773cd04ba10345d8ce1b15dcac3f49770204e37602d0b3f7", size = 89920521, upload-time = "2022-03-09T05:49:55.206Z" }
wheels = [
    { url = "https://files.pythonhosted.org/packages/30/81/0baa771f44a0898ea9eaa7437f76d429608aee591d080cc521760b704bad/opencv_python-4.5.5.64-cp36-abi3-macosx_10_15_x86_64.whl", hash = "sha256:a512a0c59b6fec0fac3844b2f47d6ecb1a9d18d235e6c5491ce8dbbe0663eae8", size = 46275082, upload-time = "2022-03-09T05:49:04.317Z" },
    { url = "https://files.pythonhosted.org/packages/e0/a3/f1df79206764a122f7fe05084909cf20581cfb66a78677636382ec1b2231/opencv_python-4.5.5.64-cp36-abi3-manylinux_2_17_aarch64.manylinux2014_aarch64.whl", hash = "sha256:ca6138b6903910e384067d001763d40f97656875487381aed32993b076f44375", size = 39198141, upload-time = "2022-03-09T05:48:12.273Z" },
    { url = "https://files.pythonhosted.org/packages/67/50/665a503167396ad347957bea0bd8d5c08c865030b2d1565ff06eba613780/opencv_python-4.5.5.64-cp36-abi3-manylinux_2_17_x86_64.manylinux2014_x86_64.whl", hash = "sha256:b293ced62f4360d9f11cf72ae7e9df95320ff7bf5b834d87546f844e838c0c35", size = 60533468, upload-time = "2022-03-09T05:49:49.875Z" },
    { url = "https://files.pythonhosted.org/packages/e2/a1/564ef5b166b677e3e6ff3b907f099d501dded7980613ad969c114b61a449/opencv_python-4.5.5.64-cp36-abi3-win32.whl", hash = "sha256:6247e584813c00c3b9ed69a795da40d2c153dc923d0182e957e1c2f00a554ac2", size = 26039424, upload-time = "2022-03-09T05:50:49.652Z" },
    { url = "https://files.pythonhosted.org/packages/48/c3/798bd7b8f78430f82ec0660b753106717e4e4bb8032ce56f77d8577cb24b/opencv_python-4.5.5.64-cp36-abi3-win_amd64.whl", hash = "sha256:408d5332550287aa797fd06bef47b2dfed163c6787668cc82ef9123a9484b56a", size = 35383167, upload-time = "2022-03-09T05:50:53.813Z" },
    { url = "https://files.pythonhosted.org/packages/53/7c/83d60d978c393f3b8c9e0b87d95ccb283636c3f640d7eeedf26f6e356c04/opencv_python-4.5.5.64-cp37-abi3-macosx_11_0_arm64.whl", hash = "sha256:7787bb017ae93d5f9bb1b817ac8e13e45dd193743cb648498fcab21d00cf20a3", size = 29907129, upload-time = "2022-03-09T05:47:44.07Z" },
]

[[package]]
name = "openseeface"
version = "1.20.4"
source = { virtual = "." }
dependencies = [
    { name = "numpy" },
    { name = "onnxruntime" },
    { name = "opencv-python" },
    { name = "pillow" },
]

[package.metadata]
requires-dist = [
    { name = "numpy", specifier = "==1.21.3" },
    { name = "onnxruntime", specifier = "==1.9.0" },
    { name = "opencv-python", specifier = "==4.5.*" },
    { name = "pillow", specifier = "==10.2.0" },
]

[[package]]
name = "pillow"
version = "10.2.0"
source = { registry = "https://pypi.org/simple" }
sdist = { url = "https://files.pythonhosted.org/packages/f8/3e/32cbd0129a28686621434cbf17bb64bf1458bfb838f1f668262fefce145c/pillow-10.2.0.tar.gz", hash = "sha256:e87f0b2c78157e12d7686b27d63c070fd65d994e8ddae6f328e0dcf4a0cd007e", size = 46212712, upload-time = "2024-01-02T09:16:59.702Z" }
wheels = [
    { url = "https://files.pythonhosted.org/packages/88/94/5e1b82c92a123f45281cdc4214c1e758aedcd18f45ac747dbd48bb4c77c6/pillow-10.2.0-cp39-cp39-macosx_10_10_x86_64.whl", hash = "sha256:b792a349405fbc0163190fde0dc7b3fef3c9268292586cf5645598b48e63dc67", size = 3518207, upload-time = "2024-01-02T09:16:16.975Z" },
    { url = "https://files.pythonhosted.org/packages/1a/29/12a314757fb88ad192bc486dac23cd739c7b316ca451336b23080a929fce/pillow-10.2.0-cp39-cp39-macosx_11_0_arm64.whl", hash = "sha256:c570f24be1e468e3f0ce7ef56a89a60f0e05b30a3669a459e419c6eac2c35364", size = 3318774, upload-time = "2024-01-02T09:16:19.089Z" },
    { url = "https://files.pythonhosted.org/packages/30/03/c027c24a68928592b518fe99ce9a7d0d20ec2fa4a43765870ef1561e4ccb/pillow-10.2.0-cp39-cp39-manylinux_2_17_aarch64.manylinux2014_aarch64.whl", hash = "sha256:d8ecd059fdaf60c1963c58ceb8997b32e9dc1b911f5da5307aab614f1ce5c2fb", size = 4290559, upload-time = "2024-01-02T09:33:44.35Z" },
    { url = "https://files.pythonhosted.org/packages/fd/98/35887712a640fe016817988141db021e1398b6d6620d29f8dceaffe72656/pillow-10.2.0-cp39-cp39-manylinux_2_17_x86_64.manylinux2014_x86_64.whl", hash = "sha256:c365fd1703040de1ec284b176d6af5abe21b427cb3a5ff68e0759e1e313a5e7e", size = 4402168, upload-time = "2024-01-02T09:16:21.038Z" },
    { url = "https://files.pythonhosted.org/packages/d5/7c/73c547fbf729fe8887a8f4a8f2b35630442c9b50b3bb951c53ae0c668ff3/pillow-10.2.0-cp39-cp39-manylinux_2_28_aarch64.whl", hash = "sha256:70c61d4c475835a19b3a5aa42492409878bbca7438554a1f89d20d58a7c75c01", size = 4316602, upload-time = "2024-01-02T09:33:49.282Z" },
    { url = "https://files.pythonhosted.org/packages/87/0d/8f5136a5481731c342a901ff155c587ce7804114db069345e1894ab4978a/pillow-10.2.0-cp39-cp39-manylinux_2_28_x86_64.whl", hash = "sha256:b6f491cdf80ae540738859d9766783e3b3c8e5bd37f5dfa0b76abdecc5081f13", size = 4484221, upload-time = "2024-01-02T09:16:24.003Z" },
    { url = "https://files.pythonhosted.org/packages/44/97/595689746c33c474aa41a6d9da6a46765dd356603e9188aa1002d642e35b/pillow-10.2.0-cp39-cp39-musllinux_1_1_aarch64.whl", hash = "sha256:9d189550615b4948f45252d7f005e53c2040cea1af5b60d6f79491a6e147eef7", size = 4508796, upload-time = "2024-01-02T09:33:54.514Z" },
    { url = "https://files.pythonhosted.org/packages/ae/8b/e6149f327b4545ee8df9dfda9a5d8621602d37e5002ec4d0d6011083727b/pillow-10.2.0-cp39-cp39-musllinux_1_1_x86_64.whl", hash = "sha256:49d9ba1ed0ef3e061088cd1e7538a0759aab559e2e0a80a36f9fd9d8c0c21591", size = 4575284, upload-time = "2024-01-02T09:16:26.182Z" },
    { url = "https://files.pythonhosted.org/packages/76/0a/c5c98476d3588ee29b9762d31f4a56eb05ec36cdae363ab1c973a7018e35/pillow-10.2.0-cp39-cp39-win32.whl", hash = "sha256:babf5acfede515f176833ed6028754cbcd0d206f7f614ea3447d67c33be12516", size = 2290000, upload-time = "2024-01-02T09:16:29.694Z" },
    { url = "https://files.pythonhosted.org/packages/60/0e/09a0ae1382c8cbea7a0fc1feef49b0c30cea087cbe4712a150c908fb2c19/pillow-10.2.0-cp39-cp39-win_amd64.whl", hash = "sha256:0304004f8067386b477d20a518b50f3fa658a28d44e4116970abfcd94fac34a8", size = 2621570, upload-time = "2024-01-02T09:16:32.309Z" },
    { url = "https://files.pythonhosted.org/packages/50/68/ee9b724bfa449db4306b62d1a00b09430c3836c943f8eacb86d88930a7dc/pillow-10.2.0-cp39-cp39-win_arm64.whl", hash = "sha256:0fb3e7fc88a14eacd303e90481ad983fd5b69c761e9e6ef94c983f91025da869", size = 2229026, upload-time = "2024-01-02T09:16:35.174Z" },
    { url = "https://files.pythonhosted.org/packages/84/12/16259a832bd1a12751251600674248650cda3203a51c69a6f810b16c815b/pillow-10.2.0-pp39-pypy39_pp73-macosx_10_10_x86_64.whl", hash = "sha256:2247178effb34a77c11c0e8ac355c7a741ceca0a732b27bf11e747bbc950722f", size = 3471791, upload-time = "2024-01-02T09:16:48.838Z" },
    { url = "https://files.pythonhosted.org/packages/dc/0b/d0e7c11060f6231eb9b862db5c975f20ccc450f569ea64328792eae624bf/pillow-10.2.0-pp39-pypy39_pp73-manylinux_2_17_aarch64.manylinux2014_aarch64.whl", hash = "sha256:15587643b9e5eb26c48e49a7b33659790d28f190fc514a322d55da2fb5c2950e", size = 3404163, upload-time = "2024-01-02T09:34:14.539Z" },
    { url = "https://files.pythonhosted.org/packages/9c/80/38c68cdd78cd99d9fe9746a1f8f6fd8347a88a9874f1577c4d058c77a981/pillow-10.2.0-pp39-pypy39_pp73-manylinux_2_17_x86_64.manylinux2014_x86_64.whl", hash = "sha256:753cd8f2086b2b80180d9b3010dd4ed147efc167c90d3bf593fe2af21265e5a5", size = 3458442, upload-time = "2024-01-02T09:16:50.945Z" },
    { url = "https://files.pythonhosted.org/packages/92/c8/c1a2c4459efcac5bc157354aaac4e8db8cd209d4abed14352dfc492e98ba/pillow-10.2.0-pp39-pypy39_pp73-manylinux_2_28_aarch64.whl", hash = "sha256:7c8f97e8e7a9009bcacbe3766a36175056c12f9a44e6e6f2d5caad06dcfbf03b", size = 3445824, upload-time = "2024-01-02T09:34:20.252Z" },
    { url = "https://files.pythonhosted.org/packages/80/01/e62423cfb6ba96d692ba9d5fb94d8d6bdcaf5655faffa9f10c08362ccd7c/pillow-10.2.0-pp39-pypy39_pp73-manylinux_2_28_x86_64.whl", hash = "sha256:d1b35bcd6c5543b9cb547dee3150c93008f8dd0f1fef78fc0cd2b141c5baf58a", size = 3547845, upload-time = "2024-01-02T09:16:53.031Z" },
    { url = "https://files.pythonhosted.org/packages/80/30/3394d94279cae938ccde51a2959b612b70be315fc8a524a5e1db55cad04a/pillow-10.2.0-pp39-pypy39_pp73-win_amd64.whl", hash = "sha256:fe4c15f6c9285dc54ce6553a3ce908ed37c8f3825b5a51a15c91442bb955b868", size = 2621886, upload-time = "2024-01-02T09:16:56.147Z" },
]

[[package]]
name = "protobuf"
version = "6.33.6"
source = { registry = "https://pypi.org/simple" }
sdist = { url = "https://files.pythonhosted.org/packages/66/70/e908e9c5e52ef7c3a6c7902c9dfbb34c7e29c25d2f81ade3856445fd5c94/protobuf-6.33.6.tar.gz", hash = "sha256:a6768d25248312c297558af96a9f9c929e8c4cee0659cb07e780731095f38135", size = 444531, upload-time = "2026-03-18T19:05:00.988Z" }
wheels = [
    { url = "https://files.pythonhosted.org/packages/fc/9f/2f509339e89cfa6f6a4c4ff50438db9ca488dec341f7e454adad60150b00/protobuf-6.33.6-cp310-abi3-win32.whl", hash = "sha256:7d29d9b65f8afef196f8334e80d6bc1d5d4adedb449971fefd3723824e6e77d3", size = 425739, upload-time = "2026-03-18T19:04:48.373Z" },
    { url = "https://files.pythonhosted.org/packages/76/5d/683efcd4798e0030c1bab27374fd13a89f7c2515fb1f3123efdfaa5eab57/protobuf-6.33.6-cp310-abi3-win_amd64.whl", hash = "sha256:0cd27b587afca21b7cfa59a74dcbd48a50f0a6400cfb59391340ad729d91d326", size = 437089, upload-time = "2026-03-18T19:04:50.381Z" },
    { url = "https://files.pythonhosted.org/packages/5c/01/a3c3ed5cd186f39e7880f8303cc51385a198a81469d53d0fdecf1f64d929/protobuf-6.33.6-cp39-abi3-macosx_10_9_universal2.whl", hash = "sha256:9720e6961b251bde64edfdab7d500725a2af5280f3f4c87e57c0208376aa8c3a", size = 427737, upload-time = "2026-03-18T19:04:51.866Z" },
    { url = "https://files.pythonhosted.org/packages/ee/90/b3c01fdec7d2f627b3a6884243ba328c1217ed2d978def5c12dc50d328a3/protobuf-6.33.6-cp39-abi3-manylinux2014_aarch64.whl", hash = "sha256:e2afbae9b8e1825e3529f88d514754e094278bb95eadc0e199751cdd9a2e82a2", size = 324610, upload-time = "2026-03-18T19:04:53.096Z" },
    { url = "https://files.pythonhosted.org/packages/9b/ca/25afc144934014700c52e05103c2421997482d561f3101ff352e1292fb81/protobuf-6.33.6-cp39-abi3-manylinux2014_s390x.whl", hash = "sha256:c96c37eec15086b79762ed265d59ab204dabc53056e3443e702d2681f4b39ce3", size = 339381, upload-time = "2026-03-18T19:04:54.616Z" },
    { url = "https://files.pythonhosted.org/packages/16/92/d1e32e3e0d894fe00b15ce28ad4944ab692713f2e7f0a99787405e43533a/protobuf-6.33.6-cp39-abi3-manylinux2014_x86_64.whl", hash = "sha256:e9db7e292e0ab79dd108d7f1a94fe31601ce1ee3f7b79e0692043423020b0593", size = 323436, upload-time = "2026-03-18T19:04:55.768Z" },
    { url = "https://files.pythonhosted.org/packages/0c/bd/88a687e9147329fc7e6c26a058fc52214c47190688a496bb283000a4d2a3/protobuf-6.33.6-cp39-cp39-win32.whl", hash = "sha256:bd56799fb262994b2c2faa1799693c95cc2e22c62f56fb43af311cae45d26f0e", size = 425861, upload-time = "2026-03-18T19:04:57.064Z" },
    { url = "https://files.pythonhosted.org/packages/84/d6/fab384eea064bfc3b273183e4e09bb3a3cf4ec83876b3828c09fcacbb651/protobuf-6.33.6-cp39-cp39-win_amd64.whl", hash = "sha256:f443a394af5ed23672bc6c486be138628fbe5c651ccbc536873d7da23d1868cf", size = 437109, upload-time = "2026-03-18T19:04:58.713Z" },
    { url = "https://files.pythonhosted.org/packages/c4/72/02445137af02769918a93807b2b7890047c32bfb9f90371cbc12688819eb/protobuf-6.33.6-py3-none-any.whl", hash = "sha256:77179e006c476e69bf8e8ce866640091ec42e1beb80b213c3900006ecfba6901", size = 170656, upload-time = "2026-03-18T19:04:59.826Z" },
]
